
Microsoft Visual Studio Solution File, Format Version 12.00
# Visual Studio 2012
Project("{FAE04EC0-301F-11D3-BF4B-00C04F79EFBC}") = "神秘小岛", "神秘小岛\神秘小岛.csproj", "{D3AA206B-6CAF-4F07-8D9B-CE6BFF0EFD45}"
EndProject
Global
	GlobalSection(SolutionConfigurationPlatforms) = preSolution
		Debug|Any CPU = Debug|Any CPU
		Release|Any CPU = Release|Any CPU
	EndGlobalSection
	GlobalSection(ProjectConfigurationPlatforms) = postSolution
		{D3AA206B-6CAF-4F07-8D9B-CE6BFF0EFD45}.Debug|Any CPU.ActiveCfg = Debug|Any CPU
		{D3AA206B-6CAF-4F07-8D9B-CE6BFF0EFD45}.Debug|Any CPU.Build.0 = Debug|Any CPU
		{D3AA206B-6CAF-4F07-8D9B-CE6BFF0EFD45}.Release|Any CPU.ActiveCfg = Release|Any CPU
		{D3AA206B-6CAF-4F07-8D9B-CE6BFF0EFD45}.Release|Any CPU.Build.0 = Release|Any CPU
	EndGlobalSection
	GlobalSection(SolutionProperties) = preSolution
		HideSolutionNode = FALSE
	EndGlobalSection
EndGlobal
